
Microsoft Visual Studio Solution File, Format Version 12.00
# Visual Studio 15
VisualStudioVersion = 15.0.28010.2003
MinimumVisualStudioVersion = 10.0.40219.1
Project("{9A19103F-16F7-4668-BE54-9A1E7A4F7556}") = "DurableFunctionsHIstoryViewer", "DurableFunctionsHIstoryViewer\DurableFunctionsHIstoryViewer.csproj", "{06E3CD40-1728-4C8D-AB81-31B2204E2F10}"
EndProject
Project("{9A19103F-16F7-4668-BE54-9A1E7A4F7556}") = "RazorLight", "RazorLight\RazorLight.csproj", "{620B8EFE-AB45-4736-B73D-2AB414F03934}"
EndProject
Project("{FAE04EC0-301F-11D3-BF4B-00C04F79EFBC}") = "TestFunction", "TestFunction\TestFunction.csproj", "{704675D8-7BAB-4325-951D-C8B963B73F87}"
EndProject
Global
	GlobalSection(SolutionConfigurationPlatforms) = preSolution
		Debug|Any CPU = Debug|Any CPU
		Release|Any CPU = Release|Any CPU
	EndGlobalSection
	GlobalSection(ProjectConfigurationPlatforms) = postSolution
		{06E3CD40-1728-4C8D-AB81-31B2204E2F10}.Debug|Any CPU.ActiveCfg = Debug|Any CPU
		{06E3CD40-1728-4C8D-AB81-31B2204E2F10}.Debug|Any CPU.Build.0 = Debug|Any CPU
		{06E3CD40-1728-4C8D-AB81-31B2204E2F10}.Release|Any CPU.ActiveCfg = Release|Any CPU
		{06E3CD40-1728-4C8D-AB81-31B2204E2F10}.Release|Any CPU.Build.0 = Release|Any CPU
		{620B8EFE-AB45-4736-B73D-2AB414F03934}.Debug|Any CPU.ActiveCfg = Debug|Any CPU
		{620B8EFE-AB45-4736-B73D-2AB414F03934}.Debug|Any CPU.Build.0 = Debug|Any CPU
		{620B8EFE-AB45-4736-B73D-2AB414F03934}.Release|Any CPU.ActiveCfg = Release|Any CPU
		{620B8EFE-AB45-4736-B73D-2AB414F03934}.Release|Any CPU.Build.0 = Release|Any CPU
		{704675D8-7BAB-4325-951D-C8B963B73F87}.Debug|Any CPU.ActiveCfg = Debug|Any CPU
		{704675D8-7BAB-4325-951D-C8B963B73F87}.Debug|Any CPU.Build.0 = Debug|Any CPU
		{704675D8-7BAB-4325-951D-C8B963B73F87}.Release|Any CPU.ActiveCfg = Release|Any CPU
		{704675D8-7BAB-4325-951D-C8B963B73F87}.Release|Any CPU.Build.0 = Release|Any CPU
	EndGlobalSection
	GlobalSection(SolutionProperties) = preSolution
		HideSolutionNode = FALSE
	EndGlobalSection
	GlobalSection(ExtensibilityGlobals) = postSolution
		SolutionGuid = {172A4912-8470-421C-9A09-2B1EC0B63E1B}
	EndGlobalSection
EndGlobal
